{
  "name": "fer_vizpod",
  "lockfileVersion": 3,
  "requires": true,
  "packages": {
    "": {
      "dependencies": {
        "mouse-speed": "^2.0.1"
      }
    },
    "node_modules/mouse-speed": {
      "version": "2.0.1",
      "resolved": "https://registry.npmjs.org/mouse-speed/-/mouse-speed-2.0.1.tgz",
      "integrity": "sha512-NeOmpVctrBVk0+gWXcqVef+Z6S64lhs0O6AI+BFW5k/7K7v3FJbap669YfkkE4cDfRGeRGGT/Ykv4e0I3dE1Lg==",
      "license": "MIT"
    }
  }
}
